
Microsoft Visual Studio Solution File, Format Version 12.00
# Visual Studio Version 16
VisualStudioVersion = 16.0.31105.61
MinimumVisualStudioVersion = 10.0.40219.1
Project("{FAE04EC0-301F-11D3-BF4B-00C04F79EFBC}") = "Wigros.Web", "Wigros.Web\Wigros.Web.csproj", "{F032877E-5870-4EBD-8D97-B7A02A9A5F4E}"
EndProject
Global
	GlobalSection(SolutionConfigurationPlatforms) = preSolution
		Debug|Any CPU = Debug|Any CPU
		Release|Any CPU = Release|Any CPU
	EndGlobalSection
	GlobalSection(ProjectConfigurationPlatforms) = postSolution
		{F032877E-5870-4EBD-8D97-B7A02A9A5F4E}.Debug|Any CPU.ActiveCfg = Debug|Any CPU
		{F032877E-5870-4EBD-8D97-B7A02A9A5F4E}.Debug|Any CPU.Build.0 = Debug|Any CPU
		{F032877E-5870-4EBD-8D97-B7A02A9A5F4E}.Release|Any CPU.ActiveCfg = Release|Any CPU
		{F032877E-5870-4EBD-8D97-B7A02A9A5F4E}.Release|Any CPU.Build.0 = Release|Any CPU
	EndGlobalSection
	GlobalSection(SolutionProperties) = preSolution
		HideSolutionNode = FALSE
	EndGlobalSection
	GlobalSection(ExtensibilityGlobals) = postSolution
		SolutionGuid = {DB6F7A87-50F2-4A80-B744-9FFF6A38083F}
	EndGlobalSection
EndGlobal
